
Microsoft Visual Studio Solution File, Format Version 12.00
Project("{FAE04EC0-301F-11D3-BF4B-00C04F79EFBC}") = "BankApplication", "BankApplication\BankApplication.csproj", "{0CE56CE4-67C8-442B-A5B9-A8F521234D76}"
EndProject
Project("{FAE04EC0-301F-11D3-BF4B-00C04F79EFBC}") = "Core", "Core\Core.csproj", "{A5B2073E-B023-42FA-9E8B-280490A85BF3}"
EndProject
Project("{FAE04EC0-301F-11D3-BF4B-00C04F79EFBC}") = "Infrastructure", "Infrastructure\Infrastructure.csproj", "{48D02A5A-D4A7-4DBA-B0A1-879E27675A34}"
EndProject
Project("{FAE04EC0-301F-11D3-BF4B-00C04F79EFBC}") = "IntegrationTestSuite", "IntegrationTestSuite\IntegrationTestSuite.csproj", "{53DC0E87-BDCF-4F3E-9103-0CB8EA6C927C}"
EndProject
Project("{FAE04EC0-301F-11D3-BF4B-00C04F79EFBC}") = "UnitTestingSuite", "UnitTestingSuite\UnitTestingSuite.csproj", "{24A69025-8826-4348-9D16-00F05EA75841}"
EndProject
Global
	GlobalSection(SolutionConfigurationPlatforms) = preSolution
		Debug|Any CPU = Debug|Any CPU
		Release|Any CPU = Release|Any CPU
	EndGlobalSection
	GlobalSection(ProjectConfigurationPlatforms) = postSolution
		{0CE56CE4-67C8-442B-A5B9-A8F521234D76}.Debug|Any CPU.ActiveCfg = Debug|Any CPU
		{0CE56CE4-67C8-442B-A5B9-A8F521234D76}.Debug|Any CPU.Build.0 = Debug|Any CPU
		{0CE56CE4-67C8-442B-A5B9-A8F521234D76}.Release|Any CPU.ActiveCfg = Release|Any CPU
		{0CE56CE4-67C8-442B-A5B9-A8F521234D76}.Release|Any CPU.Build.0 = Release|Any CPU
		{A5B2073E-B023-42FA-9E8B-280490A85BF3}.Debug|Any CPU.ActiveCfg = Debug|Any CPU
		{A5B2073E-B023-42FA-9E8B-280490A85BF3}.Debug|Any CPU.Build.0 = Debug|Any CPU
		{A5B2073E-B023-42FA-9E8B-280490A85BF3}.Release|Any CPU.ActiveCfg = Release|Any CPU
		{A5B2073E-B023-42FA-9E8B-280490A85BF3}.Release|Any CPU.Build.0 = Release|Any CPU
		{48D02A5A-D4A7-4DBA-B0A1-879E27675A34}.Debug|Any CPU.ActiveCfg = Debug|Any CPU
		{48D02A5A-D4A7-4DBA-B0A1-879E27675A34}.Debug|Any CPU.Build.0 = Debug|Any CPU
		{48D02A5A-D4A7-4DBA-B0A1-879E27675A34}.Release|Any CPU.ActiveCfg = Release|Any CPU
		{48D02A5A-D4A7-4DBA-B0A1-879E27675A34}.Release|Any CPU.Build.0 = Release|Any CPU
		{53DC0E87-BDCF-4F3E-9103-0CB8EA6C927C}.Debug|Any CPU.ActiveCfg = Debug|Any CPU
		{53DC0E87-BDCF-4F3E-9103-0CB8EA6C927C}.Debug|Any CPU.Build.0 = Debug|Any CPU
		{53DC0E87-BDCF-4F3E-9103-0CB8EA6C927C}.Release|Any CPU.ActiveCfg = Release|Any CPU
		{53DC0E87-BDCF-4F3E-9103-0CB8EA6C927C}.Release|Any CPU.Build.0 = Release|Any CPU
		{24A69025-8826-4348-9D16-00F05EA75841}.Debug|Any CPU.ActiveCfg = Debug|Any CPU
		{24A69025-8826-4348-9D16-00F05EA75841}.Debug|Any CPU.Build.0 = Debug|Any CPU
		{24A69025-8826-4348-9D16-00F05EA75841}.Release|Any CPU.ActiveCfg = Release|Any CPU
		{24A69025-8826-4348-9D16-00F05EA75841}.Release|Any CPU.Build.0 = Release|Any CPU
	EndGlobalSection
EndGlobal
